
Microsoft Visual Studio Solution File, Format Version 12.00
# Visual Studio 15
VisualStudioVersion = 15.0.28307.421
MinimumVisualStudioVersion = 10.0.40219.1
Project("{FAE04EC0-301F-11D3-BF4B-00C04F79EFBC}") = "ContactInfo2", "ContactInfo2\ContactInfo2.csproj", "{21642982-1FBD-492D-99C1-9BAA825EEB45}"
EndProject
Global
	GlobalSection(SolutionConfigurationPlatforms) = preSolution
		Debug|Any CPU = Debug|Any CPU
		Release|Any CPU = Release|Any CPU
	EndGlobalSection
	GlobalSection(ProjectConfigurationPlatforms) = postSolution
		{21642982-1FBD-492D-99C1-9BAA825EEB45}.Debug|Any CPU.ActiveCfg = Debug|Any CPU
		{21642982-1FBD-492D-99C1-9BAA825EEB45}.Debug|Any CPU.Build.0 = Debug|Any CPU
		{21642982-1FBD-492D-99C1-9BAA825EEB45}.Release|Any CPU.ActiveCfg = Release|Any CPU
		{21642982-1FBD-492D-99C1-9BAA825EEB45}.Release|Any CPU.Build.0 = Release|Any CPU
	EndGlobalSection
	GlobalSection(SolutionProperties) = preSolution
		HideSolutionNode = FALSE
	EndGlobalSection
	GlobalSection(ExtensibilityGlobals) = postSolution
		SolutionGuid = {6D672381-BAE9-4ED9-BC8D-6D6222BED554}
	EndGlobalSection
EndGlobal
